
Microsoft Visual Studio Solution File, Format Version 12.00
# Visual Studio Version 17
VisualStudioVersion = 17.11.35327.3
MinimumVisualStudioVersion = 10.0.40219.1
Project("{FAE04EC0-301F-11D3-BF4B-00C04F79EFBC}") = "GitCleaner", "GitCleaner.csproj", "{9933B35A-77FD-4888-A155-7B1E6C05DFD6}"
EndProject
Global
	GlobalSection(SolutionConfigurationPlatforms) = preSolution
		Debug|Any CPU = Debug|Any CPU
		Release|Any CPU = Release|Any CPU
	EndGlobalSection
	GlobalSection(ProjectConfigurationPlatforms) = postSolution
		{9933B35A-77FD-4888-A155-7B1E6C05DFD6}.Debug|Any CPU.ActiveCfg = Debug|Any CPU
		{9933B35A-77FD-4888-A155-7B1E6C05DFD6}.Debug|Any CPU.Build.0 = Debug|Any CPU
		{9933B35A-77FD-4888-A155-7B1E6C05DFD6}.Release|Any CPU.ActiveCfg = Release|Any CPU
		{9933B35A-77FD-4888-A155-7B1E6C05DFD6}.Release|Any CPU.Build.0 = Release|Any CPU
	EndGlobalSection
	GlobalSection(SolutionProperties) = preSolution
		HideSolutionNode = FALSE
	EndGlobalSection
	GlobalSection(ExtensibilityGlobals) = postSolution
		SolutionGuid = {BB32B547-3BCD-46AB-BECF-18F6132FA644}
	EndGlobalSection
EndGlobal
